# THIS IS AN AUTOGENERATED FILE. DO NOT EDIT THIS FILE DIRECTLY.
# yarn lockfile v1


"@types/color-name@^1.1.1":
  version "1.1.1"
  resolved "https://registry.yarnpkg.com/@types/color-name/-/color-name-1.1.1.tgz#1c1261bbeaa10a8055bbc5d8ab84b7b2afc846a0"
  integrity sha512-rr+OQyAjxze7GgWrSaJwydHStIhHq2lvY3BOC2Mj7KnzI7XK0Uw1TOOdI9lDoajEbSWLiYgoo4f1R51erQfhPQ==

"@types/fancy-log@^1.3.1":
  version "1.3.1"
  resolved "https://registry.yarnpkg.com/@types/fancy-log/-/fancy-log-1.3.1.tgz#dd94fbc8c2e2ab8ab402ca8d04bb8c34965f0696"
  integrity sha512-31Dt9JaGfHretvwVxCBrCFL5iC9MQ3zOXpu+8C4qzW0cxc5rJJVGxB5c/vZ+wmeTk/JjPz/D0gv8BZ+Ip6iCqQ==

"@types/pluralize@^0.0.29":
  version "0.0.29"
  resolved "https://registry.yarnpkg.com/@types/pluralize/-/pluralize-0.0.29.tgz#6ffa33ed1fc8813c469b859681d09707eb40d03c"
  integrity sha512-BYOID+l2Aco2nBik+iYS4SZX0Lf20KPILP5RGmM1IgzdwNdTs0eebiFriOPcej1sX9mLnSoiNte5zcFxssgpGA==

ansi-gray@^0.1.1:
  version "0.1.1"
  resolved "https://registry.yarnpkg.com/ansi-gray/-/ansi-gray-0.1.1.tgz#2962cf54ec9792c48510a3deb524436861ef7251"
  integrity sha1-KWLPVOyXksSFEKPetSRDaGHvclE=
  dependencies:
    ansi-wrap "0.1.0"

ansi-styles@^4.1.0:
  version "4.2.1"
  resolved "https://registry.yarnpkg.com/ansi-styles/-/ansi-styles-4.2.1.tgz#90ae75c424d008d2624c5bf29ead3177ebfcf359"
  integrity sha512-9VGjrMsG1vePxcSweQsN20KY/c4zN0h9fLjqAbwbPfahM3t+NL+M9HC8xeXG2I8pX5NoamTGNuomEUFI7fcUjA==
  dependencies:
    "@types/color-name" "^1.1.1"
    color-convert "^2.0.1"

ansi-wrap@0.1.0:
  version "0.1.0"
  resolved "https://registry.yarnpkg.com/ansi-wrap/-/ansi-wrap-0.1.0.tgz#a82250ddb0015e9a27ca82e82ea603bbfa45efaf"
  integrity sha1-qCJQ3bABXponyoLoLqYDu/pF768=

at-least-node@^1.0.0:
  version "1.0.0"
  resolved "https://registry.yarnpkg.com/at-least-node/-/at-least-node-1.0.0.tgz#602cd4b46e844ad4effc92a8011a3c46e0238dc2"
  integrity sha512-+q/t7Ekv1EDY2l6Gda6LLiX14rU9TV20Wa3ofeQmwPFZbOMo9DXrLbOjFaaclkXKWidIaopwAObQDqwWtGUjqg==

chalk@^3.0.0:
  version "3.0.0"
  resolved "https://registry.yarnpkg.com/chalk/-/chalk-3.0.0.tgz#3f73c2bf526591f574cc492c51e2456349f844e4"
  integrity sha512-4D3B6Wf41KOYRFdszmDqMCGq5VV/uMAB273JILmO+3jAlh8X4qDtdtgCR3fxtbLEMzSx22QdhnDcJvu2u1fVwg==
  dependencies:
    ansi-styles "^4.1.0"
    supports-color "^7.1.0"

color-convert@^2.0.1:
  version "2.0.1"
  resolved "https://registry.yarnpkg.com/color-convert/-/color-convert-2.0.1.tgz#72d3a68d598c9bdb3af2ad1e84f21d896abd4de3"
  integrity sha512-RRECPsj7iu/xb5oKYcsFHSppFNnsj/52OVTRKb4zP5onXwVF3zVmmToNcOfGC+CRDpfK/U584fMg38ZHCaElKQ==
  dependencies:
    color-name "~1.1.4"

color-name@~1.1.4:
  version "1.1.4"
  resolved "https://registry.yarnpkg.com/color-name/-/color-name-1.1.4.tgz#c2a09a87acbde69543de6f63fa3995c826c536a2"
  integrity sha512-dOy+3AuW3a2wNbZHIuMZpTcgjGuLU/uBL/ubcZF9OXbDo8ff4O8yVp5Bf0efS8uEoYo5q4Fx7dY9OgQGXgAsQA==

color-support@^1.1.3:
  version "1.1.3"
  resolved "https://registry.yarnpkg.com/color-support/-/color-support-1.1.3.tgz#93834379a1cc9a0c61f82f52f0d04322251bd5a2"
  integrity sha512-qiBjkpbMLO/HL68y+lh4q0/O1MZFj2RX6X/KmMa3+gJD3z+WwI1ZzDHysvqHGS3mP6mznPckpXmw1nI9cJjyRg==

commander@~2.20.3:
  version "2.20.3"
  resolved "https://registry.yarnpkg.com/commander/-/commander-2.20.3.tgz#fd485e84c03eb4881c20722ba48035e8531aeb33"
  integrity sha512-GpVkmM8vF2vQUkj2LvZmD35JxeJOLCwJ9cUkugyk2nuhbv3+mJvpLYYt+0+USMxE+oj+ey/lJEnhZw75x/OMcQ==

fancy-log@^1.3.3:
  version "1.3.3"
  resolved "https://registry.yarnpkg.com/fancy-log/-/fancy-log-1.3.3.tgz#dbc19154f558690150a23953a0adbd035be45fc7"
  integrity sha512-k9oEhlyc0FrVh25qYuSELjr8oxsCoc4/LEZfg2iJJrfEk/tZL9bCoJE47gqAvI2m/AUjluCS4+3I0eTx8n3AEw==
  dependencies:
    ansi-gray "^0.1.1"
    color-support "^1.1.3"
    parse-node-version "^1.0.0"
    time-stamp "^1.0.0"

fs-extra@^9.0.0:
  version "9.0.0"
  resolved "https://registry.yarnpkg.com/fs-extra/-/fs-extra-9.0.0.tgz#b6afc31036e247b2466dc99c29ae797d5d4580a3"
  integrity sha512-pmEYSk3vYsG/bF651KPUXZ+hvjpgWYw/Gc7W9NFUe3ZVLczKKWIij3IKpOrQcdw4TILtibFslZ0UmR8Vvzig4g==
  dependencies:
    at-least-node "^1.0.0"
    graceful-fs "^4.2.0"
    jsonfile "^6.0.1"
    universalify "^1.0.0"

graceful-fs@^4.1.6, graceful-fs@^4.2.0:
  version "4.2.3"
  resolved "https://registry.yarnpkg.com/graceful-fs/-/graceful-fs-4.2.3.tgz#4a12ff1b60376ef09862c2093edd908328be8423"
  integrity sha512-a30VEBm4PEdx1dRB7MFK7BejejvCvBronbLjht+sHuGYj8PHs7M/5Z+rt5lw551vZ7yfTCj4Vuyy3mSJytDWRQ==

handlebars@^4.7.3:
  version "4.7.3"
  resolved "https://registry.yarnpkg.com/handlebars/-/handlebars-4.7.3.tgz#8ece2797826886cf8082d1726ff21d2a022550ee"
  integrity sha512-SRGwSYuNfx8DwHD/6InAPzD6RgeruWLT+B8e8a7gGs8FWgHzlExpTFMEq2IA6QpAfOClpKHy6+8IqTjeBCu6Kg==
  dependencies:
    neo-async "^2.6.0"
    optimist "^0.6.1"
    source-map "^0.6.1"
  optionalDependencies:
    uglify-js "^3.1.4"

has-flag@^4.0.0:
  version "4.0.0"
  resolved "https://registry.yarnpkg.com/has-flag/-/has-flag-4.0.0.tgz#944771fd9c81c81265c4d6941860da06bb59479b"
  integrity sha512-EykJT/Q1KjTWctppgIAgfSO0tKVuZUjhgMr17kqTumMl6Afv3EISleU7qZUzoXDFTAHTDC4NOoG/ZxU3EvlMPQ==

jsonfile@^6.0.1:
  version "6.0.1"
  resolved "https://registry.yarnpkg.com/jsonfile/-/jsonfile-6.0.1.tgz#98966cba214378c8c84b82e085907b40bf614179"
  integrity sha512-jR2b5v7d2vIOust+w3wtFKZIfpC2pnRmFAhAC/BuweZFQR8qZzxH1OyrQ10HmdVYiXWkYUqPVsz91cG7EL2FBg==
  dependencies:
    universalify "^1.0.0"
  optionalDependencies:
    graceful-fs "^4.1.6"

minimist@~0.0.1:
  version "0.0.10"
  resolved "https://registry.yarnpkg.com/minimist/-/minimist-0.0.10.tgz#de3f98543dbf96082be48ad1a0c7cda836301dcf"
  integrity sha1-3j+YVD2/lggr5IrRoMfNqDYwHc8=

neo-async@^2.6.0:
  version "2.6.1"
  resolved "https://registry.yarnpkg.com/neo-async/-/neo-async-2.6.1.tgz#ac27ada66167fa8849a6addd837f6b189ad2081c"
  integrity sha512-iyam8fBuCUpWeKPGpaNMetEocMt364qkCsfL9JuhjXX6dRnguRVOfk2GZaDpPjcOKiiXCPINZC1GczQ7iTq3Zw==

optimist@^0.6.1:
  version "0.6.1"
  resolved "https://registry.yarnpkg.com/optimist/-/optimist-0.6.1.tgz#da3ea74686fa21a19a111c326e90eb15a0196686"
  integrity sha1-2j6nRob6IaGaERwybpDrFaAZZoY=
  dependencies:
    minimist "~0.0.1"
    wordwrap "~0.0.2"

parse-node-version@^1.0.0:
  version "1.0.1"
  resolved "https://registry.yarnpkg.com/parse-node-version/-/parse-node-version-1.0.1.tgz#e2b5dbede00e7fa9bc363607f53327e8b073189b"
  integrity sha512-3YHlOa/JgH6Mnpr05jP9eDG254US9ek25LyIxZlDItp2iJtwyaXQb57lBYLdT3MowkUFYEV2XXNAYIPlESvJlA==

pluralize@^8.0.0:
  version "8.0.0"
  resolved "https://registry.yarnpkg.com/pluralize/-/pluralize-8.0.0.tgz#1a6fa16a38d12a1901e0320fa017051c539ce3b1"
  integrity sha512-Nc3IT5yHzflTfbjgqWcCPpo7DaKy4FnpB0l/zCAW0Tc7jxAiuqSxHasntB3D7887LSrA93kDJ9IXovxJYxyLCA==

source-map@^0.6.1, source-map@~0.6.1:
  version "0.6.1"
  resolved "https://registry.yarnpkg.com/source-map/-/source-map-0.6.1.tgz#74722af32e9614e9c287a8d0bbde48b5e2f1a263"
  integrity sha512-UjgapumWlbMhkBgzT7Ykc5YXUT46F0iKu8SGXq0bcwP5dz/h0Plj6enJqjz1Zbq2l5WaqYnrVbwWOWMyF3F47g==

supports-color@^7.1.0:
  version "7.1.0"
  resolved "https://registry.yarnpkg.com/supports-color/-/supports-color-7.1.0.tgz#68e32591df73e25ad1c4b49108a2ec507962bfd1"
  integrity sha512-oRSIpR8pxT1Wr2FquTNnGet79b3BWljqOuoW/h4oBhxJ/HUbX5nX6JSruTkvXDCFMwDPvsaTTbvMLKZWSy0R5g==
  dependencies:
    has-flag "^4.0.0"

time-stamp@^1.0.0:
  version "1.1.0"
  resolved "https://registry.yarnpkg.com/time-stamp/-/time-stamp-1.1.0.tgz#764a5a11af50561921b133f3b44e618687e0f5c3"
  integrity sha1-dkpaEa9QVhkhsTPztE5hhofg9cM=

time-stamp@^2.2.0:
  version "2.2.0"
  resolved "https://registry.yarnpkg.com/time-stamp/-/time-stamp-2.2.0.tgz#917e0a66905688790ec7bbbde04046259af83f57"
  integrity sha512-zxke8goJQpBeEgD82CXABeMh0LSJcj7CXEd0OHOg45HgcofF7pxNwZm9+RknpxpDhwN4gFpySkApKfFYfRQnUA==

uglify-js@^3.1.4:
  version "3.8.1"
  resolved "https://registry.yarnpkg.com/uglify-js/-/uglify-js-3.8.1.tgz#43bb15ce6f545eaa0a64c49fd29375ea09fa0f93"
  integrity sha512-W7KxyzeaQmZvUFbGj4+YFshhVrMBGSg2IbcYAjGWGvx8DHvJMclbTDMpffdxFUGPBHjIytk7KJUR/KUXstUGDw==
  dependencies:
    commander "~2.20.3"
    source-map "~0.6.1"

universalify@^1.0.0:
  version "1.0.0"
  resolved "https://registry.yarnpkg.com/universalify/-/universalify-1.0.0.tgz#b61a1da173e8435b2fe3c67d29b9adf8594bd16d"
  integrity sha512-rb6X1W158d7pRQBg5gkR8uPaSfiids68LTJQYOtEUhoJUWBdaQHsuT/EUduxXYxcrt4r5PJ4fuHW1MHT6p0qug==

wordwrap@~0.0.2:
  version "0.0.3"
  resolved "https://registry.yarnpkg.com/wordwrap/-/wordwrap-0.0.3.tgz#a3d5da6cd5c0bc0008d37234bbaf1bed63059107"
  integrity sha1-o9XabNXAvAAI03I0u68b7WMFkQc=
